// !$*UTF8*$!
{
	archiveVersion = 1;
	classes = {};
	objectVersion = 56;
	objects = {
		A1 /* Project object */ = {isa = PBXProject; buildConfigurationList = A2; compatibilityVersion = "Xcode 14.0"; developmentRegion = en; knownRegions = (en, Base); mainGroup = A3; productRefGroup = A4; projectDirPath = ""; targets = (A5); };
		A2 = {isa = XCConfigurationList; buildConfigurations = (A6, A7); defaultConfigurationIsVisible = 0; defaultConfigurationName = Release; };
		A3 = {isa = PBXGroup; children = (A8, A4, A9); sourceTree = "<group>"; };
		A4 = {isa = PBXGroup; children = (AA); name = Products; sourceTree = "<group>"; };
		A5 = {isa = PBXNativeTarget; buildConfigurationList = AB; buildPhases = (AF, AC, AD, AE); buildRules = (); dependencies = (); name = iosApp; productName = Navigo; productReference = AA; productType = "com.apple.product-type.application"; };
		A6 = {isa = XCBuildConfiguration; baseConfigurationReference = A9; buildSettings = {}; name = Debug; };
		A7 = {isa = XCBuildConfiguration; baseConfigurationReference = A9; buildSettings = {}; name = Release; };
		A8 = {isa = PBXGroup; children = (B1, B2, B3); path = iosApp; sourceTree = "<group>"; };
		A9 = {isa = PBXFileReference; lastKnownFileType = text.xcconfig; path = Configuration/Config.xcconfig; sourceTree = "<group>"; };
		AA = {isa = PBXFileReference; explicitFileType = wrapper.application; includeInIndex = 0; path = Navigo.app; sourceTree = BUILT_PRODUCTS_DIR; };
		AB = {isa = XCConfigurationList; buildConfigurations = (B4, B5); defaultConfigurationIsVisible = 0; defaultConfigurationName = Release; };
		AC = {isa = PBXSourcesBuildPhase; buildActionMask = 2147483647; files = (B6, B7); runOnlyForDeploymentPostprocessing = 0; };
		AD = {isa = PBXFrameworksBuildPhase; buildActionMask = 2147483647; files = (); runOnlyForDeploymentPostprocessing = 0; };
		AE = {isa = PBXResourcesBuildPhase; buildActionMask = 2147483647; files = (); runOnlyForDeploymentPostprocessing = 0; };
		AF = {isa = PBXShellScriptBuildPhase; buildActionMask = 2147483647; files = (); inputPaths = (); name = "Compile Kotlin Framework"; outputPaths = ("$(BUILT_PRODUCTS_DIR)/$(FRAMEWORKS_FOLDER_PATH)/NavigoApp.framework"); runOnlyForDeploymentPostprocessing = 0; shellPath = /bin/sh; shellScript = "cd \"$SRCROOT/../../..\"\n./gradlew :app:ios:embedAndSignAppleFrameworkForXcode\n"; };
		B1 = {isa = PBXFileReference; lastKnownFileType = sourcecode.swift; path = NavigoApp.swift; sourceTree = "<group>"; };
		B2 = {isa = PBXFileReference; lastKnownFileType = sourcecode.swift; path = ContentView.swift; sourceTree = "<group>"; };
		B3 = {isa = PBXFileReference; lastKnownFileType = text.plist.xml; path = Info.plist; sourceTree = "<group>"; };
		B4 = {isa = XCBuildConfiguration; baseConfigurationReference = A9; buildSettings = { FRAMEWORK_SEARCH_PATHS = "$(inherited) $(BUILT_PRODUCTS_DIR)/$(FRAMEWORKS_FOLDER_PATH)"; INFOPLIST_FILE = iosApp/Info.plist; LD_RUNPATH_SEARCH_PATHS = "$(inherited) @executable_path/Frameworks"; OTHER_LDFLAGS = "$(inherited) -lc++ -lz -framework CoreFoundation -framework CoreGraphics -framework CoreText -framework Foundation -framework ImageIO -framework Metal -framework QuartzCore"; SWIFT_VERSION = 5.0; }; name = Debug; };
		B5 = {isa = XCBuildConfiguration; baseConfigurationReference = A9; buildSettings = { FRAMEWORK_SEARCH_PATHS = "$(inherited) $(BUILT_PRODUCTS_DIR)/$(FRAMEWORKS_FOLDER_PATH)"; INFOPLIST_FILE = iosApp/Info.plist; LD_RUNPATH_SEARCH_PATHS = "$(inherited) @executable_path/Frameworks"; OTHER_LDFLAGS = "$(inherited) -lc++ -lz -framework CoreFoundation -framework CoreGraphics -framework CoreText -framework Foundation -framework ImageIO -framework Metal -framework QuartzCore"; SWIFT_VERSION = 5.0; }; name = Release; };
		B6 = {isa = PBXBuildFile; fileRef = B1; };
		B7 = {isa = PBXBuildFile; fileRef = B2; };
	};
	rootObject = A1;
}
